
Microsoft Visual Studio Solution File, Format Version 12.00
# Visual Studio 15
VisualStudioVersion = 15.0.28307.779
MinimumVisualStudioVersion = 10.0.40219.1
Project("{FAE04EC0-301F-11D3-BF4B-00C04F79EFBC}") = "LeaveManagementApp", "LeaveManagementApp\LeaveManagementApp.csproj", "{FABAD637-8B76-484E-8F4C-CBEC50E3FFF8}"
EndProject
Global
	GlobalSection(SolutionConfigurationPlatforms) = preSolution
		Debug|Any CPU = Debug|Any CPU
		Release|Any CPU = Release|Any CPU
	EndGlobalSection
	GlobalSection(ProjectConfigurationPlatforms) = postSolution
		{FABAD637-8B76-484E-8F4C-CBEC50E3FFF8}.Debug|Any CPU.ActiveCfg = Debug|Any CPU
		{FABAD637-8B76-484E-8F4C-CBEC50E3FFF8}.Debug|Any CPU.Build.0 = Debug|Any CPU
		{FABAD637-8B76-484E-8F4C-CBEC50E3FFF8}.Release|Any CPU.ActiveCfg = Release|Any CPU
		{FABAD637-8B76-484E-8F4C-CBEC50E3FFF8}.Release|Any CPU.Build.0 = Release|Any CPU
	EndGlobalSection
	GlobalSection(SolutionProperties) = preSolution
		HideSolutionNode = FALSE
	EndGlobalSection
	GlobalSection(ExtensibilityGlobals) = postSolution
		SolutionGuid = {8B5C0C09-38BF-4807-A123-B8CEC9BA4516}
	EndGlobalSection
EndGlobal
